{
  "originHash" : "cf5415d3367caf8877106946cf64a20d7e408226300ec1c1ff1ec87fd992a261",
  "pins" : [
    {
      "identity" : "amplitude-swift",
      "kind" : "remoteSourceControl",
      "location" : "https://github.com/amplitude/Amplitude-Swift",
      "state" : {
        "branch" : "main",
        "revision" : "ceae1e4e3526200fdc0477947838068742a4dbf9"
      }
    },
    {
      "identity" : "analytics-connector-ios",
      "kind" : "remoteSourceControl",
      "location" : "https://github.com/amplitude/analytics-connector-ios.git",
      "state" : {
        "revision" : "4adbfe85486e6dcdcdca5fa9362097ffe5ec712b",
        "version" : "1.3.1"
      }
    }
  ],
  "version" : 3
}
